// !$*UTF8*$!
{
	archiveVersion = 1;
	classes = {
	};
	objectVersion = 48;
	objects = {

/* Begin PBXBuildFile section */
		A850E55B1EE849580070A4FB /* AppDelegate.swift in Sources */ = {isa = PBXBuildFile; fileRef = A850E55A1EE849580070A4FB /* AppDelegate.swift */; };
		A850E55D1EE849580070A4FB /* ViewController.swift in Sources */ = {isa = PBXBuildFile; fileRef = A850E55C1EE849580070A4FB /* ViewController.swift */; };
		A850E5601EE849580070A4FB /* Main.storyboard in Resources */ = {isa = PBXBuildFile; fileRef = A850E55E1EE849580070A4FB /* Main.storyboard */; };
		A850E5621EE849580070A4FB /* Assets.xcassets in Resources */ = {isa = PBXBuildFile; fileRef = A850E5611EE849580070A4FB /* Assets.xcassets */; };
		A850E5651EE849580070A4FB /* LaunchScreen.storyboard in Resources */ = {isa = PBXBuildFile; fileRef = A850E5631EE849580070A4FB /* LaunchScreen.storyboard */; };
/* End PBXBuildFile section */

/* Begin PBXFileReference section */
		A850E5571EE849580070A4FB /* viewing-vision.app */ = {isa = PBXFileReference; explicitFileType = wrapper.application; includeInIndex = 0; path = "viewing-vision.app"; sourceTree = BUILT_PRODUCTS_DIR; };
		A850E55A1EE849580070A4FB /* AppDelegate.swift */ = {isa = PBXFileReference; lastKnownFileType = sourcecode.swift; path = AppDelegate.swift; sourceTree = "<group>"; };
		A850E55C1EE849580070A4FB /* ViewController.swift */ = {isa = PBXFileReference; lastKnownFileType = sourcecode.swift; path = ViewController.swift; sourceTree = "<group>"; };
		A850E55F1EE849580070A4FB /* Base */ = {isa = PBXFileReference; lastKnownFileType = file.storyboard; name = Base; path = Base.lproj/Main.storyboard; sourceTree = "<group>"; };
		A850E5611EE849580070A4FB /* Assets.xcassets */ = {isa = PBXFileReference; lastKnownFileType = folder.assetcatalog; path = Assets.xcassets; sourceTree = "<group>"; };
		A850E5641EE849580070A4FB /* Base */ = {isa = PBXFileReference; lastKnownFileType = file.storyboard; name = Base; path = Base.lproj/LaunchScreen.storyboard; sourceTree = "<group>"; };
		A850E5661EE849580070A4FB /* Info.plist */ = {isa = PBXFileReference; lastKnownFileType = text.plist.xml; path = Info.plist; sourceTree = "<group>"; };
/* End PBXFileReference section */

/* Begin PBXFrameworksBuildPhase section */
		A850E5541EE849580070A4FB /* Frameworks */ = {
			isa = PBXFrameworksBuildPhase;
			buildActionMask = 2147483647;
			files = (
			);
			runOnlyForDeploymentPostprocessing = 0;
		};
/* End PBXFrameworksBuildPhase section */

/* Begin PBXGroup section */
		A850E54E1EE849580070A4FB = {
			isa = PBXGroup;
			children = (
				A850E5591EE849580070A4FB /* viewing-vision */,
				A850E5581EE849580070A4FB /* Products */,
			);
			sourceTree = "<group>";
		};
		A850E5581EE849580070A4FB /* Products */ = {
			isa = PBXGroup;
			children = (
				A850E5571EE849580070A4FB /* viewing-vision.app */,
			);
			name = Products;
			sourceTree = "<group>";
		};
		A850E5591EE849580070A4FB /* viewing-vision */ = {
			isa = PBXGroup;
			children = (
				A850E55A1EE849580070A4FB /* AppDelegate.swift */,
				A850E55C1EE849580070A4FB /* ViewController.swift */,
				A850E55E1EE849580070A4FB /* Main.storyboard */,
				A850E5611EE849580070A4FB /* Assets.xcassets */,
				A850E5631EE849580070A4FB /* LaunchScreen.storyboard */,
				A850E5661EE849580070A4FB /* Info.plist */,
			);
			path = "viewing-vision";
			sourceTree = "<group>";
		};
/* End PBXGroup section */

/* Begin PBXNativeTarget section */
		A850E5561EE849580070A4FB /* viewing-vision */ = {
			isa = PBXNativeTarget;
			buildConfigurationList = A850E5691EE849580070A4FB /* Build configuration list for PBXNativeTarget "viewing-vision" */;
			buildPhases = (
				A850E5531EE849580070A4FB /* Sources */,
				A850E5541EE849580070A4FB /* Frameworks */,
				A850E5551EE849580070A4FB /* Resources */,
			);
			buildRules = (
			);
			dependencies = (
			);
			name = "viewing-vision";
			productName = "viewing-vision";
			productReference = A850E5571EE849580070A4FB /* viewing-vision.app */;
			productType = "com.apple.product-type.application";
		};
/* End PBXNativeTarget section */

/* Begin PBXProject section */
		A850E54F1EE849580070A4FB /* Project object */ = {
			isa = PBXProject;
			attributes = {
				LastSwiftUpdateCheck = 0900;
				LastUpgradeCheck = 0900;
				ORGANIZATIONNAME = "Matthew Riddle";
				TargetAttributes = {
					A850E5561EE849580070A4FB = {
						CreatedOnToolsVersion = 9.0;
					};
				};
			};
			buildConfigurationList = A850E5521EE849580070A4FB /* Build configuration list for PBXProject "viewing-vision" */;
			compatibilityVersion = "Xcode 8.0";
			developmentRegion = en;
			hasScannedForEncodings = 0;
			knownRegions = (
				en,
				Base,
			);
			mainGroup = A850E54E1EE849580070A4FB;
			productRefGroup = A850E5581EE849580070A4FB /* Products */;
			projectDirPath = "";
			projectRoot = "";
			targets = (
				A850E5561EE849580070A4FB /* viewing-vision */,
			);
		};
/* End PBXProject section */

/* Begin PBXResourcesBuildPhase section */
		A850E5551EE849580070A4FB /* Resources */ = {
			isa = PBXResourcesBuildPhase;
			buildActionMask = 2147483647;
			files = (
				A850E5651EE849580070A4FB /* LaunchScreen.storyboard in Resources */,
				A850E5621EE849580070A4FB /* Assets.xcassets in Resources */,
				A850E5601EE849580070A4FB /* Main.storyboard in Resources */,
			);
			runOnlyForDeploymentPostprocessing = 0;
		};
/* End PBXResourcesBuildPhase section */

/* Begin PBXSourcesBuildPhase section */
		A850E5531EE849580070A4FB /* Sources */ = {
			isa = PBXSourcesBuildPhase;
			buildActionMask = 2147483647;
			files = (
				A850E55D1EE849580070A4FB /* ViewController.swift in Sources */,
				A850E55B1EE849580070A4FB /* AppDelegate.swift in Sources */,
			);
			runOnlyForDeploymentPostprocessing = 0;
		};
/* End PBXSourcesBuildPhase section */

/* Begin PBXVariantGroup section */
		A850E55E1EE849580070A4FB /* Main.storyboard */ = {
			isa = PBXVariantGroup;
			children = (
				A850E55F1EE849580070A4FB /* Base */,
			);
			name = Main.storyboard;
			sourceTree = "<group>";
		};
		A850E5631EE849580070A4FB /* LaunchScreen.storyboard */ = {
			isa = PBXVariantGroup;
			children = (
				A850E5641EE849580070A4FB /* Base */,
			);
			name = LaunchScreen.storyboard;
			sourceTree = "<group>";
		};
/* End PBXVariantGroup section */

/* Begin XCBuildConfiguration section */
		A850E5671EE849580070A4FB /* Debug */ = {
			isa = XCBuildConfiguration;
			buildSettings = {
				ALWAYS_SEARCH_USER_PATHS = NO;
				CLANG_ANALYZER_NONNULL = YES;
				CLANG_ANALYZER_NUMBER_OBJECT_CONVERSION = YES_AGGRESSIVE;
				CLANG_CXX_LANGUAGE_STANDARD = "gnu++14";
				CLANG_CXX_LIBRARY = "libc++";
				CLANG_ENABLE_MODULES = YES;
				CLANG_ENABLE_OBJC_ARC = YES;
				CLANG_WARN_BLOCK_CAPTURE_AUTORELEASING = YES;
				CLANG_WARN_BOOL_CONVERSION = YES;
				CLANG_WARN_COMMA = YES;
				CLANG_WARN_CONSTANT_CONVERSION = YES;
				CLANG_WARN_DIRECT_OBJC_ISA_USAGE = YES_ERROR;
				CLANG_WARN_DOCUMENTATION_COMMENTS = YES;
				CLANG_WARN_EMPTY_BODY = YES;
				CLANG_WARN_ENUM_CONVERSION = YES;
				CLANG_WARN_INFINITE_RECURSION = YES;
				CLANG_WARN_INT_CONVERSION = YES;
				CLANG_WARN_OBJC_ROOT_CLASS = YES_ERROR;
				CLANG_WARN_RANGE_LOOP_ANALYSIS = YES;
				CLANG_WARN_STRICT_PROTOTYPES = YES;
				CLANG_WARN_SUSPICIOUS_MOVE = YES;
				CLANG_WARN_UNGUARDED_AVAILABILITY = YES_AGGRESSIVE;
				CLANG_WARN_UNREACHABLE_CODE = YES;
				CLANG_WARN__DUPLICATE_METHOD_MATCH = YES;
				CODE_SIGN_IDENTITY = "iPhone Developer";
				COPY_PHASE_STRIP = NO;
				DEBUG_INFORMATION_FORMAT = dwarf;
				ENABLE_STRICT_OBJC_MSGSEND = YES;
				ENABLE_TESTABILITY = YES;
				GCC_C_LANGUAGE_STANDARD = gnu11;
				GCC_DYNAMIC_NO_PIC = NO;
				GCC_NO_COMMON_BLOCKS = YES;
				GCC_OPTIMIZATION_LEVEL = 0;
				GCC_PREPROCESSOR_DEFINITIONS = (
					"DEBUG=1",
					"$(inherited)",
				);
				GCC_WARN_64_TO_32_BIT_CONVERSION = YES;
				GCC_WARN_ABOUT_RETURN_TYPE = YES_ERROR;
				GCC_WARN_UNDECLARED_SELECTOR = YES;
				GCC_WARN_UNINITIALIZED_AUTOS = YES_AGGRESSIVE;
				GCC_WARN_UNUSED_FUNCTION = YES;
				GCC_WARN_UNUSED_VARIABLE = YES;
				IPHONEOS_DEPLOYMENT_TARGET = 11.0;
				MTL_ENABLE_DEBUG_INFO = YES;
				ONLY_ACTIVE_ARCH = YES;
				SDKROOT = iphoneos;
				SWIFT_ACTIVE_COMPILATION_CONDITIONS = DEBUG;
				SWIFT_OPTIMIZATION_LEVEL = "-Onone";
			};
			name = Debug;
		};
		A850E5681EE849580070A4FB /* Release */ = {
			isa = XCBuildConfiguration;
			buildSettings = {
				ALWAYS_SEARCH_USER_PATHS = NO;
				CLANG_ANALYZER_NONNULL = YES;
				CLANG_ANALYZER_NUMBER_OBJECT_CONVERSION = YES_AGGRESSIVE;
				CLANG_CXX_LANGUAGE_STANDARD = "gnu++14";
				CLANG_CXX_LIBRARY = "libc++";
				CLANG_ENABLE_MODULES = YES;
				CLANG_ENABLE_OBJC_ARC = YES;
				CLANG_WARN_BLOCK_CAPTURE_AUTORELEASING = YES;
				CLANG_WARN_BOOL_CONVERSION = YES;
				CLANG_WARN_COMMA = YES;
				CLANG_WARN_CONSTANT_CONVERSION = YES;
				CLANG_WARN_DIRECT_OBJC_ISA_USAGE = YES_ERROR;
				CLANG_WARN_DOCUMENTATION_COMMENTS = YES;
				CLANG_WARN_EMPTY_BODY = YES;
				CLANG_WARN_ENUM_CONVERSION = YES;
				CLANG_WARN_INFINITE_RECURSION = YES;
				CLANG_WARN_INT_CONVERSION = YES;
				CLANG_WARN_OBJC_ROOT_CLASS = YES_ERROR;
				CLANG_WARN_RANGE_LOOP_ANALYSIS = YES;
				CLANG_WARN_STRICT_PROTOTYPES = YES;
				CLANG_WARN_SUSPICIOUS_MOVE = YES;
				CLANG_WARN_UNGUARDED_AVAILABILITY = YES_AGGRESSIVE;
				CLANG_WARN_UNREACHABLE_CODE = YES;
				CLANG_WARN__DUPLICATE_METHOD_MATCH = YES;
				CODE_SIGN_IDENTITY = "iPhone Developer";
				COPY_PHASE_STRIP = NO;
				DEBUG_INFORMATION_FORMAT = "dwarf-with-dsym";
				ENABLE_NS_ASSERTIONS = NO;
				ENABLE_STRICT_OBJC_MSGSEND = YES;
				GCC_C_LANGUAGE_STANDARD = gnu11;
				GCC_NO_COMMON_BLOCKS = YES;
				GCC_WARN_64_TO_32_BIT_CONVERSION = YES;
				GCC_WARN_ABOUT_RETURN_TYPE = YES_ERROR;
				GCC_WARN_UNDECLARED_SELECTOR = YES;
				GCC_WARN_UNINITIALIZED_AUTOS = YES_AGGRESSIVE;
				GCC_WARN_UNUSED_FUNCTION = YES;
				GCC_WARN_UNUSED_VARIABLE = YES;
				IPHONEOS_DEPLOYMENT_TARGET = 11.0;
				MTL_ENABLE_DEBUG_INFO = NO;
				SDKROOT = iphoneos;
				SWIFT_OPTIMIZATION_LEVEL = "-Owholemodule";
				VALIDATE_PRODUCT = YES;
			};
			name = Release;
		};
		A850E56A1EE849580070A4FB /* Debug */ = {
			isa = XCBuildConfiguration;
			buildSettings = {
				ASSETCATALOG_COMPILER_APPICON_NAME = AppIcon;
				INFOPLIST_FILE = "viewing-vision/Info.plist";
				LD_RUNPATH_SEARCH_PATHS = "$(inherited) @executable_path/Frameworks";
				PRODUCT_BUNDLE_IDENTIFIER = "com.mriddle.viewing-vision";
				PRODUCT_NAME = "$(TARGET_NAME)";
				SWIFT_VERSION = 4.0;
				TARGETED_DEVICE_FAMILY = "1,2";
			};
			name = Debug;
		};
		A850E56B1EE849580070A4FB /* Release */ = {
			isa = XCBuildConfiguration;
			buildSettings = {
				ASSETCATALOG_COMPILER_APPICON_NAME = AppIcon;
				INFOPLIST_FILE = "viewing-vision/Info.plist";
				LD_RUNPATH_SEARCH_PATHS = "$(inherited) @executable_path/Frameworks";
				PRODUCT_BUNDLE_IDENTIFIER = "com.mriddle.viewing-vision";
				PRODUCT_NAME = "$(TARGET_NAME)";
				SWIFT_VERSION = 4.0;
				TARGETED_DEVICE_FAMILY = "1,2";
			};
			name = Release;
		};
/* End XCBuildConfiguration section */

/* Begin XCConfigurationList section */
		A850E5521EE849580070A4FB /* Build configuration list for PBXProject "viewing-vision" */ = {
			isa = XCConfigurationList;
			buildConfigurations = (
				A850E5671EE849580070A4FB /* Debug */,
				A850E5681EE849580070A4FB /* Release */,
			);
			defaultConfigurationIsVisible = 0;
			defaultConfigurationName = Release;
		};
		A850E5691EE849580070A4FB /* Build configuration list for PBXNativeTarget "viewing-vision" */ = {
			isa = XCConfigurationList;
			buildConfigurations = (
				A850E56A1EE849580070A4FB /* Debug */,
				A850E56B1EE849580070A4FB /* Release */,
			);
			defaultConfigurationIsVisible = 0;
		};
/* End XCConfigurationList section */
	};
	rootObject = A850E54F1EE849580070A4FB /* Project object */;
}
